
Microsoft Visual Studio Solution File, Format Version 12.00
# Visual Studio 15
VisualStudioVersion = 15.0.28010.2048
MinimumVisualStudioVersion = 10.0.40219.1
Project("{FAE04EC0-301F-11D3-BF4B-00C04F79EFBC}") = "OnlineShopMvcWeb", "OnlineShopMvcWeb\OnlineShopMvcWeb.csproj", "{82E522D1-B2F7-4695-AE5A-D3CCE458FFBC}"
EndProject
Global
	GlobalSection(SolutionConfigurationPlatforms) = preSolution
		Debug|Any CPU = Debug|Any CPU
		Release|Any CPU = Release|Any CPU
	EndGlobalSection
	GlobalSection(ProjectConfigurationPlatforms) = postSolution
		{82E522D1-B2F7-4695-AE5A-D3CCE458FFBC}.Debug|Any CPU.ActiveCfg = Debug|Any CPU
		{82E522D1-B2F7-4695-AE5A-D3CCE458FFBC}.Debug|Any CPU.Build.0 = Debug|Any CPU
		{82E522D1-B2F7-4695-AE5A-D3CCE458FFBC}.Release|Any CPU.ActiveCfg = Release|Any CPU
		{82E522D1-B2F7-4695-AE5A-D3CCE458FFBC}.Release|Any CPU.Build.0 = Release|Any CPU
	EndGlobalSection
	GlobalSection(SolutionProperties) = preSolution
		HideSolutionNode = FALSE
	EndGlobalSection
	GlobalSection(ExtensibilityGlobals) = postSolution
		SolutionGuid = {5B17E148-B264-486B-AE7B-FFD6973E362C}
	EndGlobalSection
EndGlobal
